// !$*UTF8*$!
{
	archiveVersion = 1;
	classes = {
	};
	objectVersion = 56;
	objects = {

/* Begin PBXBuildFile section */
		227B041A2A711A4D0001CFAE /* MainViewController.swift in Sources */ = {isa = PBXBuildFile; fileRef = 227B04192A711A4D0001CFAE /* MainViewController.swift */; };
		227B041C2A711C870001CFAE /* GameModel.swift in Sources */ = {isa = PBXBuildFile; fileRef = 227B041B2A711C870001CFAE /* GameModel.swift */; };
		227B041E2A711DAE0001CFAE /* GameCell.swift in Sources */ = {isa = PBXBuildFile; fileRef = 227B041D2A711DAE0001CFAE /* GameCell.swift */; };
		229CD9E92A6E7DEC00273CE3 /* AppDelegate.swift in Sources */ = {isa = PBXBuildFile; fileRef = 229CD9E82A6E7DEC00273CE3 /* AppDelegate.swift */; };
		229CD9EB2A6E7DEC00273CE3 /* SceneDelegate.swift in Sources */ = {isa = PBXBuildFile; fileRef = 229CD9EA2A6E7DEC00273CE3 /* SceneDelegate.swift */; };
		229CD9ED2A6E7DEC00273CE3 /* ViewController.swift in Sources */ = {isa = PBXBuildFile; fileRef = 229CD9EC2A6E7DEC00273CE3 /* ViewController.swift */; };
		229CD9F02A6E7DEC00273CE3 /* Main.storyboard in Resources */ = {isa = PBXBuildFile; fileRef = 229CD9EE2A6E7DEC00273CE3 /* Main.storyboard */; };
		229CD9F22A6E7DED00273CE3 /* Assets.xcassets in Resources */ = {isa = PBXBuildFile; fileRef = 229CD9F12A6E7DED00273CE3 /* Assets.xcassets */; };
		229CD9F52A6E7DED00273CE3 /* LaunchScreen.storyboard in Resources */ = {isa = PBXBuildFile; fileRef = 229CD9F32A6E7DED00273CE3 /* LaunchScreen.storyboard */; };
		229CD9FD2A6E86A100273CE3 /* CommentCell.swift in Sources */ = {isa = PBXBuildFile; fileRef = 229CD9FC2A6E86A100273CE3 /* CommentCell.swift */; };
		229CD9FF2A6E895300273CE3 /* CommentModel.swift in Sources */ = {isa = PBXBuildFile; fileRef = 229CD9FE2A6E895300273CE3 /* CommentModel.swift */; };
/* End PBXBuildFile section */

/* Begin PBXFileReference section */
		227B04192A711A4D0001CFAE /* MainViewController.swift */ = {isa = PBXFileReference; lastKnownFileType = sourcecode.swift; path = MainViewController.swift; sourceTree = "<group>"; };
		227B041B2A711C870001CFAE /* GameModel.swift */ = {isa = PBXFileReference; lastKnownFileType = sourcecode.swift; path = GameModel.swift; sourceTree = "<group>"; };
		227B041D2A711DAE0001CFAE /* GameCell.swift */ = {isa = PBXFileReference; lastKnownFileType = sourcecode.swift; path = GameCell.swift; sourceTree = "<group>"; };
		229CD9E52A6E7DEC00273CE3 /* kino.app */ = {isa = PBXFileReference; explicitFileType = wrapper.application; includeInIndex = 0; path = kino.app; sourceTree = BUILT_PRODUCTS_DIR; };
		229CD9E82A6E7DEC00273CE3 /* AppDelegate.swift */ = {isa = PBXFileReference; lastKnownFileType = sourcecode.swift; path = AppDelegate.swift; sourceTree = "<group>"; };
		229CD9EA2A6E7DEC00273CE3 /* SceneDelegate.swift */ = {isa = PBXFileReference; lastKnownFileType = sourcecode.swift; path = SceneDelegate.swift; sourceTree = "<group>"; };
		229CD9EC2A6E7DEC00273CE3 /* ViewController.swift */ = {isa = PBXFileReference; lastKnownFileType = sourcecode.swift; path = ViewController.swift; sourceTree = "<group>"; };
		229CD9EF2A6E7DEC00273CE3 /* Base */ = {isa = PBXFileReference; lastKnownFileType = file.storyboard; name = Base; path = Base.lproj/Main.storyboard; sourceTree = "<group>"; };
		229CD9F12A6E7DED00273CE3 /* Assets.xcassets */ = {isa = PBXFileReference; lastKnownFileType = folder.assetcatalog; path = Assets.xcassets; sourceTree = "<group>"; };
		229CD9F42A6E7DED00273CE3 /* Base */ = {isa = PBXFileReference; lastKnownFileType = file.storyboard; name = Base; path = Base.lproj/LaunchScreen.storyboard; sourceTree = "<group>"; };
		229CD9F62A6E7DED00273CE3 /* Info.plist */ = {isa = PBXFileReference; lastKnownFileType = text.plist.xml; path = Info.plist; sourceTree = "<group>"; };
		229CD9FC2A6E86A100273CE3 /* CommentCell.swift */ = {isa = PBXFileReference; lastKnownFileType = sourcecode.swift; path = CommentCell.swift; sourceTree = "<group>"; };
		229CD9FE2A6E895300273CE3 /* CommentModel.swift */ = {isa = PBXFileReference; lastKnownFileType = sourcecode.swift; path = CommentModel.swift; sourceTree = "<group>"; };
/* End PBXFileReference section */

/* Begin PBXFrameworksBuildPhase section */
		229CD9E22A6E7DEC00273CE3 /* Frameworks */ = {
			isa = PBXFrameworksBuildPhase;
			buildActionMask = 2147483647;
			files = (
			);
			runOnlyForDeploymentPostprocessing = 0;
		};
/* End PBXFrameworksBuildPhase section */

/* Begin PBXGroup section */
		229CD9DC2A6E7DEC00273CE3 = {
			isa = PBXGroup;
			children = (
				229CD9E72A6E7DEC00273CE3 /* kino */,
				229CD9E62A6E7DEC00273CE3 /* Products */,
			);
			sourceTree = "<group>";
		};
		229CD9E62A6E7DEC00273CE3 /* Products */ = {
			isa = PBXGroup;
			children = (
				229CD9E52A6E7DEC00273CE3 /* kino.app */,
			);
			name = Products;
			sourceTree = "<group>";
		};
		229CD9E72A6E7DEC00273CE3 /* kino */ = {
			isa = PBXGroup;
			children = (
				229CD9E82A6E7DEC00273CE3 /* AppDelegate.swift */,
				229CD9EA2A6E7DEC00273CE3 /* SceneDelegate.swift */,
				229CD9EC2A6E7DEC00273CE3 /* ViewController.swift */,
				229CD9EE2A6E7DEC00273CE3 /* Main.storyboard */,
				229CD9F12A6E7DED00273CE3 /* Assets.xcassets */,
				229CD9F32A6E7DED00273CE3 /* LaunchScreen.storyboard */,
				229CD9F62A6E7DED00273CE3 /* Info.plist */,
				229CD9FC2A6E86A100273CE3 /* CommentCell.swift */,
				229CD9FE2A6E895300273CE3 /* CommentModel.swift */,
				227B04192A711A4D0001CFAE /* MainViewController.swift */,
				227B041B2A711C870001CFAE /* GameModel.swift */,
				227B041D2A711DAE0001CFAE /* GameCell.swift */,
			);
			path = kino;
			sourceTree = "<group>";
		};
/* End PBXGroup section */

/* Begin PBXNativeTarget section */
		229CD9E42A6E7DEC00273CE3 /* kino */ = {
			isa = PBXNativeTarget;
			buildConfigurationList = 229CD9F92A6E7DED00273CE3 /* Build configuration list for PBXNativeTarget "kino" */;
			buildPhases = (
				229CD9E12A6E7DEC00273CE3 /* Sources */,
				229CD9E22A6E7DEC00273CE3 /* Frameworks */,
				229CD9E32A6E7DEC00273CE3 /* Resources */,
			);
			buildRules = (
			);
			dependencies = (
			);
			name = kino;
			productName = kino;
			productReference = 229CD9E52A6E7DEC00273CE3 /* kino.app */;
			productType = "com.apple.product-type.application";
		};
/* End PBXNativeTarget section */

/* Begin PBXProject section */
		229CD9DD2A6E7DEC00273CE3 /* Project object */ = {
			isa = PBXProject;
			attributes = {
				BuildIndependentTargetsInParallel = 1;
				LastSwiftUpdateCheck = 1430;
				LastUpgradeCheck = 1430;
				TargetAttributes = {
					229CD9E42A6E7DEC00273CE3 = {
						CreatedOnToolsVersion = 14.3.1;
					};
				};
			};
			buildConfigurationList = 229CD9E02A6E7DEC00273CE3 /* Build configuration list for PBXProject "kino" */;
			compatibilityVersion = "Xcode 14.0";
			developmentRegion = en;
			hasScannedForEncodings = 0;
			knownRegions = (
				en,
				Base,
			);
			mainGroup = 229CD9DC2A6E7DEC00273CE3;
			productRefGroup = 229CD9E62A6E7DEC00273CE3 /* Products */;
			projectDirPath = "";
			projectRoot = "";
			targets = (
				229CD9E42A6E7DEC00273CE3 /* kino */,
			);
		};
/* End PBXProject section */

/* Begin PBXResourcesBuildPhase section */
		229CD9E32A6E7DEC00273CE3 /* Resources */ = {
			isa = PBXResourcesBuildPhase;
			buildActionMask = 2147483647;
			files = (
				229CD9F52A6E7DED00273CE3 /* LaunchScreen.storyboard in Resources */,
				229CD9F22A6E7DED00273CE3 /* Assets.xcassets in Resources */,
				229CD9F02A6E7DEC00273CE3 /* Main.storyboard in Resources */,
			);
			runOnlyForDeploymentPostprocessing = 0;
		};
/* End PBXResourcesBuildPhase section */

/* Begin PBXSourcesBuildPhase section */
		229CD9E12A6E7DEC00273CE3 /* Sources */ = {
			isa = PBXSourcesBuildPhase;
			buildActionMask = 2147483647;
			files = (
				229CD9ED2A6E7DEC00273CE3 /* ViewController.swift in Sources */,
				229CD9E92A6E7DEC00273CE3 /* AppDelegate.swift in Sources */,
				229CD9FF2A6E895300273CE3 /* CommentModel.swift in Sources */,
				227B041E2A711DAE0001CFAE /* GameCell.swift in Sources */,
				227B041A2A711A4D0001CFAE /* MainViewController.swift in Sources */,
				229CD9EB2A6E7DEC00273CE3 /* SceneDelegate.swift in Sources */,
				227B041C2A711C870001CFAE /* GameModel.swift in Sources */,
				229CD9FD2A6E86A100273CE3 /* CommentCell.swift in Sources */,
			);
			runOnlyForDeploymentPostprocessing = 0;
		};
/* End PBXSourcesBuildPhase section */

/* Begin PBXVariantGroup section */
		229CD9EE2A6E7DEC00273CE3 /* Main.storyboard */ = {
			isa = PBXVariantGroup;
			children = (
				229CD9EF2A6E7DEC00273CE3 /* Base */,
			);
			name = Main.storyboard;
			sourceTree = "<group>";
		};
		229CD9F32A6E7DED00273CE3 /* LaunchScreen.storyboard */ = {
			isa = PBXVariantGroup;
			children = (
				229CD9F42A6E7DED00273CE3 /* Base */,
			);
			name = LaunchScreen.storyboard;
			sourceTree = "<group>";
		};
/* End PBXVariantGroup section */

/* Begin XCBuildConfiguration section */
		229CD9F72A6E7DED00273CE3 /* Debug */ = {
			isa = XCBuildConfiguration;
			buildSettings = {
				ALWAYS_SEARCH_USER_PATHS = NO;
				CLANG_ANALYZER_NONNULL = YES;
				CLANG_ANALYZER_NUMBER_OBJECT_CONVERSION = YES_AGGRESSIVE;
				CLANG_CXX_LANGUAGE_STANDARD = "gnu++20";
				CLANG_ENABLE_MODULES = YES;
				CLANG_ENABLE_OBJC_ARC = YES;
				CLANG_ENABLE_OBJC_WEAK = YES;
				CLANG_WARN_BLOCK_CAPTURE_AUTORELEASING = YES;
				CLANG_WARN_BOOL_CONVERSION = YES;
				CLANG_WARN_COMMA = YES;
				CLANG_WARN_CONSTANT_CONVERSION = YES;
				CLANG_WARN_DEPRECATED_OBJC_IMPLEMENTATIONS = YES;
				CLANG_WARN_DIRECT_OBJC_ISA_USAGE = YES_ERROR;
				CLANG_WARN_DOCUMENTATION_COMMENTS = YES;
				CLANG_WARN_EMPTY_BODY = YES;
				CLANG_WARN_ENUM_CONVERSION = YES;
				CLANG_WARN_INFINITE_RECURSION = YES;
				CLANG_WARN_INT_CONVERSION = YES;
				CLANG_WARN_NON_LITERAL_NULL_CONVERSION = YES;
				CLANG_WARN_OBJC_IMPLICIT_RETAIN_SELF = YES;
				CLANG_WARN_OBJC_LITERAL_CONVERSION = YES;
				CLANG_WARN_OBJC_ROOT_CLASS = YES_ERROR;
				CLANG_WARN_QUOTED_INCLUDE_IN_FRAMEWORK_HEADER = YES;
				CLANG_WARN_RANGE_LOOP_ANALYSIS = YES;
				CLANG_WARN_STRICT_PROTOTYPES = YES;
				CLANG_WARN_SUSPICIOUS_MOVE = YES;
				CLANG_WARN_UNGUARDED_AVAILABILITY = YES_AGGRESSIVE;
				CLANG_WARN_UNREACHABLE_CODE = YES;
				CLANG_WARN__DUPLICATE_METHOD_MATCH = YES;
				COPY_PHASE_STRIP = NO;
				DEBUG_INFORMATION_FORMAT = dwarf;
				ENABLE_STRICT_OBJC_MSGSEND = YES;
				ENABLE_TESTABILITY = YES;
				GCC_C_LANGUAGE_STANDARD = gnu11;
				GCC_DYNAMIC_NO_PIC = NO;
				GCC_NO_COMMON_BLOCKS = YES;
				GCC_OPTIMIZATION_LEVEL = 0;
				GCC_PREPROCESSOR_DEFINITIONS = (
					"DEBUG=1",
					"$(inherited)",
				);
				GCC_WARN_64_TO_32_BIT_CONVERSION = YES;
				GCC_WARN_ABOUT_RETURN_TYPE = YES_ERROR;
				GCC_WARN_UNDECLARED_SELECTOR = YES;
				GCC_WARN_UNINITIALIZED_AUTOS = YES_AGGRESSIVE;
				GCC_WARN_UNUSED_FUNCTION = YES;
				GCC_WARN_UNUSED_VARIABLE = YES;
				IPHONEOS_DEPLOYMENT_TARGET = 16.4;
				MTL_ENABLE_DEBUG_INFO = INCLUDE_SOURCE;
				MTL_FAST_MATH = YES;
				ONLY_ACTIVE_ARCH = YES;
				SDKROOT = iphoneos;
				SWIFT_ACTIVE_COMPILATION_CONDITIONS = DEBUG;
				SWIFT_OPTIMIZATION_LEVEL = "-Onone";
			};
			name = Debug;
		};
		229CD9F82A6E7DED00273CE3 /* Release */ = {
			isa = XCBuildConfiguration;
			buildSettings = {
				ALWAYS_SEARCH_USER_PATHS = NO;
				CLANG_ANALYZER_NONNULL = YES;
				CLANG_ANALYZER_NUMBER_OBJECT_CONVERSION = YES_AGGRESSIVE;
				CLANG_CXX_LANGUAGE_STANDARD = "gnu++20";
				CLANG_ENABLE_MODULES = YES;
				CLANG_ENABLE_OBJC_ARC = YES;
				CLANG_ENABLE_OBJC_WEAK = YES;
				CLANG_WARN_BLOCK_CAPTURE_AUTORELEASING = YES;
				CLANG_WARN_BOOL_CONVERSION = YES;
				CLANG_WARN_COMMA = YES;
				CLANG_WARN_CONSTANT_CONVERSION = YES;
				CLANG_WARN_DEPRECATED_OBJC_IMPLEMENTATIONS = YES;
				CLANG_WARN_DIRECT_OBJC_ISA_USAGE = YES_ERROR;
				CLANG_WARN_DOCUMENTATION_COMMENTS = YES;
				CLANG_WARN_EMPTY_BODY = YES;
				CLANG_WARN_ENUM_CONVERSION = YES;
				CLANG_WARN_INFINITE_RECURSION = YES;
				CLANG_WARN_INT_CONVERSION = YES;
				CLANG_WARN_NON_LITERAL_NULL_CONVERSION = YES;
				CLANG_WARN_OBJC_IMPLICIT_RETAIN_SELF = YES;
				CLANG_WARN_OBJC_LITERAL_CONVERSION = YES;
				CLANG_WARN_OBJC_ROOT_CLASS = YES_ERROR;
				CLANG_WARN_QUOTED_INCLUDE_IN_FRAMEWORK_HEADER = YES;
				CLANG_WARN_RANGE_LOOP_ANALYSIS = YES;
				CLANG_WARN_STRICT_PROTOTYPES = YES;
				CLANG_WARN_SUSPICIOUS_MOVE = YES;
				CLANG_WARN_UNGUARDED_AVAILABILITY = YES_AGGRESSIVE;
				CLANG_WARN_UNREACHABLE_CODE = YES;
				CLANG_WARN__DUPLICATE_METHOD_MATCH = YES;
				COPY_PHASE_STRIP = NO;
				DEBUG_INFORMATION_FORMAT = "dwarf-with-dsym";
				ENABLE_NS_ASSERTIONS = NO;
				ENABLE_STRICT_OBJC_MSGSEND = YES;
				GCC_C_LANGUAGE_STANDARD = gnu11;
				GCC_NO_COMMON_BLOCKS = YES;
				GCC_WARN_64_TO_32_BIT_CONVERSION = YES;
				GCC_WARN_ABOUT_RETURN_TYPE = YES_ERROR;
				GCC_WARN_UNDECLARED_SELECTOR = YES;
				GCC_WARN_UNINITIALIZED_AUTOS = YES_AGGRESSIVE;
				GCC_WARN_UNUSED_FUNCTION = YES;
				GCC_WARN_UNUSED_VARIABLE = YES;
				IPHONEOS_DEPLOYMENT_TARGET = 16.4;
				MTL_ENABLE_DEBUG_INFO = NO;
				MTL_FAST_MATH = YES;
				SDKROOT = iphoneos;
				SWIFT_COMPILATION_MODE = wholemodule;
				SWIFT_OPTIMIZATION_LEVEL = "-O";
				VALIDATE_PRODUCT = YES;
			};
			name = Release;
		};
		229CD9FA2A6E7DED00273CE3 /* Debug */ = {
			isa = XCBuildConfiguration;
			buildSettings = {
				ASSETCATALOG_COMPILER_APPICON_NAME = AppIcon;
				ASSETCATALOG_COMPILER_GLOBAL_ACCENT_COLOR_NAME = AccentColor;
				CODE_SIGN_STYLE = Automatic;
				CURRENT_PROJECT_VERSION = 1;
				GENERATE_INFOPLIST_FILE = YES;
				INFOPLIST_FILE = kino/Info.plist;
				INFOPLIST_KEY_UIApplicationSupportsIndirectInputEvents = YES;
				INFOPLIST_KEY_UILaunchStoryboardName = LaunchScreen;
				INFOPLIST_KEY_UIMainStoryboardFile = Main;
				INFOPLIST_KEY_UISupportedInterfaceOrientations_iPad = "UIInterfaceOrientationPortrait UIInterfaceOrientationPortraitUpsideDown UIInterfaceOrientationLandscapeLeft UIInterfaceOrientationLandscapeRight";
				INFOPLIST_KEY_UISupportedInterfaceOrientations_iPhone = "UIInterfaceOrientationPortrait UIInterfaceOrientationLandscapeLeft UIInterfaceOrientationLandscapeRight";
				LD_RUNPATH_SEARCH_PATHS = (
					"$(inherited)",
					"@executable_path/Frameworks",
				);
				MARKETING_VERSION = 1.0;
				PRODUCT_BUNDLE_IDENTIFIER = "-.kino";
				PRODUCT_NAME = "$(TARGET_NAME)";
				SWIFT_EMIT_LOC_STRINGS = YES;
				SWIFT_VERSION = 5.0;
				TARGETED_DEVICE_FAMILY = "1,2";
			};
			name = Debug;
		};
		229CD9FB2A6E7DED00273CE3 /* Release */ = {
			isa = XCBuildConfiguration;
			buildSettings = {
				ASSETCATALOG_COMPILER_APPICON_NAME = AppIcon;
				ASSETCATALOG_COMPILER_GLOBAL_ACCENT_COLOR_NAME = AccentColor;
				CODE_SIGN_STYLE = Automatic;
				CURRENT_PROJECT_VERSION = 1;
				GENERATE_INFOPLIST_FILE = YES;
				INFOPLIST_FILE = kino/Info.plist;
				INFOPLIST_KEY_UIApplicationSupportsIndirectInputEvents = YES;
				INFOPLIST_KEY_UILaunchStoryboardName = LaunchScreen;
				INFOPLIST_KEY_UIMainStoryboardFile = Main;
				INFOPLIST_KEY_UISupportedInterfaceOrientations_iPad = "UIInterfaceOrientationPortrait UIInterfaceOrientationPortraitUpsideDown UIInterfaceOrientationLandscapeLeft UIInterfaceOrientationLandscapeRight";
				INFOPLIST_KEY_UISupportedInterfaceOrientations_iPhone = "UIInterfaceOrientationPortrait UIInterfaceOrientationLandscapeLeft UIInterfaceOrientationLandscapeRight";
				LD_RUNPATH_SEARCH_PATHS = (
					"$(inherited)",
					"@executable_path/Frameworks",
				);
				MARKETING_VERSION = 1.0;
				PRODUCT_BUNDLE_IDENTIFIER = "-.kino";
				PRODUCT_NAME = "$(TARGET_NAME)";
				SWIFT_EMIT_LOC_STRINGS = YES;
				SWIFT_VERSION = 5.0;
				TARGETED_DEVICE_FAMILY = "1,2";
			};
			name = Release;
		};
/* End XCBuildConfiguration section */

/* Begin XCConfigurationList section */
		229CD9E02A6E7DEC00273CE3 /* Build configuration list for PBXProject "kino" */ = {
			isa = XCConfigurationList;
			buildConfigurations = (
				229CD9F72A6E7DED00273CE3 /* Debug */,
				229CD9F82A6E7DED00273CE3 /* Release */,
			);
			defaultConfigurationIsVisible = 0;
			defaultConfigurationName = Release;
		};
		229CD9F92A6E7DED00273CE3 /* Build configuration list for PBXNativeTarget "kino" */ = {
			isa = XCConfigurationList;
			buildConfigurations = (
				229CD9FA2A6E7DED00273CE3 /* Debug */,
				229CD9FB2A6E7DED00273CE3 /* Release */,
			);
			defaultConfigurationIsVisible = 0;
			defaultConfigurationName = Release;
		};
/* End XCConfigurationList section */
	};
	rootObject = 229CD9DD2A6E7DEC00273CE3 /* Project object */;
}
